
Microsoft Visual Studio Solution File, Format Version 12.00
# Visual Studio 14
VisualStudioVersion = 14.0.25123.0
MinimumVisualStudioVersion = 10.0.40219.1
Project("{FAE04EC0-301F-11D3-BF4B-00C04F79EFBC}") = "EcosystemUserJourneys.AcceptaneTests", "EcosystemUserJourneys\EcosystemUserJourneys.AcceptaneTests.csproj", "{2142DA9D-215B-47FE-B136-9B257588DBD5}"
EndProject
Project("{FAE04EC0-301F-11D3-BF4B-00C04F79EFBC}") = "EcosystemUserJourneys.MarketPlace.UserUsageTesting", "EcosystemUserJourneysLoadTesting\EcosystemUserJourneys.MarketPlace.UserUsageTesting.csproj", "{A252D757-F2F7-4DAB-9B75-BCD908B7D766}"
EndProject
Project("{FAE04EC0-301F-11D3-BF4B-00C04F79EFBC}") = "EcosystemUserJourneys.MarketPlace.PageObjects.Intractions", "EcosystemUserJourneys.Common\EcosystemUserJourneys.MarketPlace.PageObjects.Intractions.csproj", "{2A359BC1-F528-4C8E-96AC-B413BE817EED}"
EndProject
Project("{FAE04EC0-301F-11D3-BF4B-00C04F79EFBC}") = "EcosystemUserJourneys.TestData", "EcosystemUserJourneys.TestData\EcosystemUserJourneys.TestData.csproj", "{644E5C32-9E4B-4D72-AB0B-365E8CCEE47A}"
EndProject
Project("{FAE04EC0-301F-11D3-BF4B-00C04F79EFBC}") = "EcosystemUserJourneys.Phoenix.UserUsageTesting", "EcosystemUserJourneys.Phoenix.UserUsageTesting\EcosystemUserJourneys.Phoenix.UserUsageTesting.csproj", "{9D204D08-9EF2-48A5-AA95-409C384934AF}"
EndProject
Project("{FAE04EC0-301F-11D3-BF4B-00C04F79EFBC}") = "EcosystemUserJourneys.Phoenix.PageObjects.Intractions", "EcosystemUserJourneys.Phoenix.PageObjects.Intractions\EcosystemUserJourneys.Phoenix.PageObjects.Intractions.csproj", "{D96D5551-6AE9-4F75-967D-BF5CC93AEA76}"
EndProject
Global
	GlobalSection(SolutionConfigurationPlatforms) = preSolution
		Debug|Any CPU = Debug|Any CPU
		Release|Any CPU = Release|Any CPU
	EndGlobalSection
	GlobalSection(ProjectConfigurationPlatforms) = postSolution
		{2142DA9D-215B-47FE-B136-9B257588DBD5}.Debug|Any CPU.ActiveCfg = Debug|Any CPU
		{2142DA9D-215B-47FE-B136-9B257588DBD5}.Debug|Any CPU.Build.0 = Debug|Any CPU
		{2142DA9D-215B-47FE-B136-9B257588DBD5}.Release|Any CPU.ActiveCfg = Release|Any CPU
		{2142DA9D-215B-47FE-B136-9B257588DBD5}.Release|Any CPU.Build.0 = Release|Any CPU
		{A252D757-F2F7-4DAB-9B75-BCD908B7D766}.Debug|Any CPU.ActiveCfg = Debug|Any CPU
		{A252D757-F2F7-4DAB-9B75-BCD908B7D766}.Debug|Any CPU.Build.0 = Debug|Any CPU
		{A252D757-F2F7-4DAB-9B75-BCD908B7D766}.Release|Any CPU.ActiveCfg = Release|Any CPU
		{A252D757-F2F7-4DAB-9B75-BCD908B7D766}.Release|Any CPU.Build.0 = Release|Any CPU
		{2A359BC1-F528-4C8E-96AC-B413BE817EED}.Debug|Any CPU.ActiveCfg = Debug|Any CPU
		{2A359BC1-F528-4C8E-96AC-B413BE817EED}.Debug|Any CPU.Build.0 = Debug|Any CPU
		{2A359BC1-F528-4C8E-96AC-B413BE817EED}.Release|Any CPU.ActiveCfg = Release|Any CPU
		{2A359BC1-F528-4C8E-96AC-B413BE817EED}.Release|Any CPU.Build.0 = Release|Any CPU
		{644E5C32-9E4B-4D72-AB0B-365E8CCEE47A}.Debug|Any CPU.ActiveCfg = Debug|Any CPU
		{644E5C32-9E4B-4D72-AB0B-365E8CCEE47A}.Debug|Any CPU.Build.0 = Debug|Any CPU
		{644E5C32-9E4B-4D72-AB0B-365E8CCEE47A}.Release|Any CPU.ActiveCfg = Release|Any CPU
		{644E5C32-9E4B-4D72-AB0B-365E8CCEE47A}.Release|Any CPU.Build.0 = Release|Any CPU
		{9D204D08-9EF2-48A5-AA95-409C384934AF}.Debug|Any CPU.ActiveCfg = Debug|Any CPU
		{9D204D08-9EF2-48A5-AA95-409C384934AF}.Debug|Any CPU.Build.0 = Debug|Any CPU
		{9D204D08-9EF2-48A5-AA95-409C384934AF}.Release|Any CPU.ActiveCfg = Release|Any CPU
		{9D204D08-9EF2-48A5-AA95-409C384934AF}.Release|Any CPU.Build.0 = Release|Any CPU
		{D96D5551-6AE9-4F75-967D-BF5CC93AEA76}.Debug|Any CPU.ActiveCfg = Debug|Any CPU
		{D96D5551-6AE9-4F75-967D-BF5CC93AEA76}.Debug|Any CPU.Build.0 = Debug|Any CPU
		{D96D5551-6AE9-4F75-967D-BF5CC93AEA76}.Release|Any CPU.ActiveCfg = Release|Any CPU
		{D96D5551-6AE9-4F75-967D-BF5CC93AEA76}.Release|Any CPU.Build.0 = Release|Any CPU
	EndGlobalSection
	GlobalSection(SolutionProperties) = preSolution
		HideSolutionNode = FALSE
	EndGlobalSection
EndGlobal
